{
  "name": "xiaobai-agent",
  "version": "1.0.0",
  "lockfileVersion": 3,
  "requires": true,
  "packages": {
    "": {
      "name": "xiaobai-agent",
      "version": "1.0.0",
      "license": "MIT",
      "dependencies": {
        "@deepseek-ai/cordis": "^4.0.2",
        "@deepseek-ai/schemastery": "^3.18.1"
      },
      "devDependencies": {
        "@deepseek-ai/cordis": "4.0.2",
        "@deepseek-ai/dsh-compaction-basic": "0.1.5-rc.2",
        "@deepseek-ai/dsh-settings": "0.1.5-rc.2",
        "@deepseek-ai/dsh-web": "0.1.5-rc.2",
        "@types/node": "^22.0.0",
        "typescript": "5.9.3"
      },
      "engines": {
        "node": ">=22"
      },
      "peerDependencies": {
        "@deepseek-ai/dsh-compaction-basic": "0.1.5-rc.2",
        "@deepseek-ai/dsh-settings": "^0.1.5-rc.2",
        "@deepseek-ai/dsh-web": "^0.1.5-rc.2"
      }
    },
    "node_modules/@deepseek-ai/cordis": {
      "version": "4.0.2",
      "resolved": "https://registry.npmjs.org/@deepseek-ai/cordis/-/cordis-4.0.2.tgz",
      "integrity": "sha512-asOnXP1TzFSFQlHb1iegDZp0z/8WD1c7YNrwJR/Tx2bzNuMXfcekE/I67Iv6SQXeLB4csxqCngzQKANP7gdw0g==",
      "dev": true,
      "license": "MIT",
      "dependencies": {
        "@deepseek-ai/cosmokit": "^1.8.3",
        "@standard-schema/spec": "^1.1.0"
      },
      "bin": {
        "cordis": "bin.js"
      },
      "peerDependencies": {
        "@deepseek-ai/cordis-plugin-include": "^1.0.7",
        "@deepseek-ai/cordis-plugin-loader": "^1.0.3"
      },
      "peerDependenciesMeta": {
        "@deepseek-ai/cordis-plugin-include": {
          "optional": true
        },
        "@deepseek-ai/cordis-plugin-loader": {
          "optional": true
        }
      }
    },
    "node_modules/@deepseek-ai/cosmokit": {
      "version": "1.8.5",
      "resolved": "https://registry.npmjs.org/@deepseek-ai/cosmokit/-/cosmokit-1.8.5.tgz",
      "integrity": "sha512-LXsrlem9z8dq4sLflj2yuCuYX7KqhdzF5hZly3eZyuTo8d6oDSOXuEgC5DbQWKW+lksm6zmOutQLsP/ma6wR6A==",
      "license": "MIT"
    },
    "node_modules/@deepseek-ai/dsh-agent": {
      "version": "0.1.5-rc.3",
      "resolved": "https://registry.npmjs.org/@deepseek-ai/dsh-agent/-/dsh-agent-0.1.5-rc.3.tgz",
      "integrity": "sha512-+BvnHhttEpT/7HAlpx+QUQvLdXTEvF9o8j4bGOUIEWMJeblm2DKDXWuVL1Pzanm5ZW0ec9Y/WOnDcExMUMkh3Q==",
      "dev": true,
      "license": "MIT",
      "peer": true,
      "peerDependencies": {
        "@deepseek-ai/cordis": "4.0.2",
        "@deepseek-ai/dsh-invariants": "^0.1.5-rc.3",
        "@deepseek-ai/dsh-llm": "^0.1.5-rc.3",
        "@deepseek-ai/dsh-scope": "^0.1.5-rc.3",
        "@deepseek-ai/dsh-session": "^0.1.5-rc.3",
        "@deepseek-ai/dsh-session-projection": "^0.1.5-rc.3",
        "@deepseek-ai/dsh-system-prompt": "^0.1.5-rc.3",
        "@deepseek-ai/dsh-typert-protocol": "^0.1.5-rc.3",
        "@deepseek-ai/dsh-util-values": "^0.1.5-rc.3"
      }
    },
    "node_modules/@deepseek-ai/dsh-attachment": {
      "version": "0.1.5-rc.3",
      "resolved": "https://registry.npmjs.org/@deepseek-ai/dsh-attachment/-/dsh-attachment-0.1.5-rc.3.tgz",
      "integrity": "sha512-mQpRILttCP9rxUro5N78jSd7dKLb1tsQN9Qf+talhhxfsOigUCyWqsWVrLJIdXV4Bpa3ZzNuQK29O8D7Z+Njvg==",
      "dev": true,
      "license": "MIT",
      "peer": true,
      "peerDependencies": {
        "@deepseek-ai/cordis": "4.0.2",
        "@deepseek-ai/dsh-brand": "^0.1.5-rc.3"
      }
    },
    "node_modules/@deepseek-ai/dsh-brand": {
      "version": "0.1.5-rc.3",
      "resolved": "https://registry.npmjs.org/@deepseek-ai/dsh-brand/-/dsh-brand-0.1.5-rc.3.tgz",
      "integrity": "sha512-pzbPtyEwnFMCrUYLwFio8GmUxtTqqAkhW5IheWH1tSgUnVIAu4OwVbxwTNiDGMRbgTRAzT9xZ7bukUejpyob4w==",
      "dev": true,
      "license": "MIT",
      "peer": true,
      "peerDependencies": {
        "@deepseek-ai/cordis": "4.0.2"
      }
    },
    "node_modules/@deepseek-ai/dsh-commands": {
      "version": "0.1.5-rc.3",
      "resolved": "https://registry.npmjs.org/@deepseek-ai/dsh-commands/-/dsh-commands-0.1.5-rc.3.tgz",
      "integrity": "sha512-TQxEbt3MTL2xjCngbm8YA7fie2ecg6RA5pQE04fciz7s4ixq85BksFqePgJ+BC+6gZGPV1WOIX0jBhTKu7Pyag==",
      "dev": true,
      "license": "MIT",
      "peer": true,
      "dependencies": {
        "@deepseek-ai/dsh-util-crypto": "^0.1.5-rc.3",
        "zod": "^4.4.3"
      },
      "peerDependencies": {
        "@deepseek-ai/cordis": "4.0.2",
        "@deepseek-ai/dsh-agent": "^0.1.5-rc.3",
        "@deepseek-ai/dsh-attachment": "^0.1.5-rc.3",
        "@deepseek-ai/dsh-brand": "^0.1.5-rc.3",
        "@deepseek-ai/dsh-invariants": "^0.1.5-rc.3",
        "@deepseek-ai/dsh-llm": "^0.1.5-rc.3",
        "@deepseek-ai/dsh-scope": "^0.1.5-rc.3",
        "@deepseek-ai/dsh-session": "^0.1.5-rc.3",
        "@deepseek-ai/dsh-typert-protocol": "^0.1.5-rc.3"
      }
    },
    "node_modules/@deepseek-ai/dsh-compaction": {
      "version": "0.1.5-rc.3",
      "resolved": "https://registry.npmjs.org/@deepseek-ai/dsh-compaction/-/dsh-compaction-0.1.5-rc.3.tgz",
      "integrity": "sha512-uoD0Wk2+QwCW7k3PU6+QReOOzCvKqYOj6a2+EUnFVg3JQAoJ9Pjg0hot+1Xy0w7H1S+kNH7U3B4bdRb01QlaBw==",
      "dev": true,
      "license": "MIT",
      "peer": true,
      "peerDependencies": {
        "@deepseek-ai/cordis": "4.0.2",
        "@deepseek-ai/dsh-brand": "^0.1.5-rc.3",
        "@deepseek-ai/dsh-commands": "^0.1.5-rc.3",
        "@deepseek-ai/dsh-invariants": "^0.1.5-rc.3",
        "@deepseek-ai/dsh-llm": "^0.1.5-rc.3",
        "@deepseek-ai/dsh-session": "^0.1.5-rc.3"
      }
    },
    "node_modules/@deepseek-ai/dsh-compaction-basic": {
      "version": "0.1.5-rc.2",
      "resolved": "https://registry.npmjs.org/@deepseek-ai/dsh-compaction-basic/-/dsh-compaction-basic-0.1.5-rc.2.tgz",
      "integrity": "sha512-Tz6aEvPunsp+SXQruXTldxnZIMLPwXL3ZkWWiWnCM+83r1PglVBWABrxjaRkMaIEype/R16OjxodzR4k7GNA1A==",
      "dev": true,
      "license": "MIT",
      "dependencies": {
        "@deepseek-ai/dsh-util-values": "^0.1.5-rc.2",
        "@deepseek-ai/schemastery": "^3.18.2"
      },
      "peerDependencies": {
        "@deepseek-ai/cordis": "^4.0.2",
        "@deepseek-ai/dsh-agent": "^0.1.5-rc.2",
        "@deepseek-ai/dsh-commands": "^0.1.5-rc.2",
        "@deepseek-ai/dsh-compaction": "^0.1.5-rc.2",
        "@deepseek-ai/dsh-compaction-tool-result-pruner": "^0.1.5-rc.2",
        "@deepseek-ai/dsh-llm": "^0.1.5-rc.2",
        "@deepseek-ai/dsh-session": "^0.1.5-rc.2",
        "@deepseek-ai/dsh-token-meter": "^0.1.5-rc.2"
      },
      "peerDependenciesMeta": {
        "@deepseek-ai/dsh-compaction-tool-result-pruner": {
          "optional": true
        }
      }
    },
    "node_modules/@deepseek-ai/dsh-invariants": {
      "version": "0.1.5-rc.3",
      "resolved": "https://registry.npmjs.org/@deepseek-ai/dsh-invariants/-/dsh-invariants-0.1.5-rc.3.tgz",
      "integrity": "sha512-1iPfLsu8zFAsfIRYE958uMhB3oTO/LmN3ArTifxWFlRvCmBRd9Ca6l7DZh/daLnJsDSdtLQtVzPqbgTV9tzNlQ==",
      "dev": true,
      "license": "MIT",
      "peer": true,
      "dependencies": {
        "@deepseek-ai/schemastery": "3.18.2"
      },
      "peerDependencies": {
        "@deepseek-ai/cordis": "4.0.2"
      }
    },
    "node_modules/@deepseek-ai/dsh-invariants/node_modules/@deepseek-ai/schemastery": {
      "version": "3.18.2",
      "resolved": "https://registry.npmjs.org/@deepseek-ai/schemastery/-/schemastery-3.18.2.tgz",
      "integrity": "sha512-njDtZsznjYxok7KLLlHOPyuv2efdWVbSflAHgztSfbMsg+CVraEoRe2DjOCgClYv3ZCSm7WXoaUkbB/+RY7tWQ==",
      "dev": true,
      "license": "MIT",
      "peer": true,
      "dependencies": {
        "@deepseek-ai/cosmokit": "^1.8.3",
        "@standard-schema/spec": "^1.1.0"
      }
    },
    "node_modules/@deepseek-ai/dsh-llm": {
      "version": "0.1.5-rc.3",
      "resolved": "https://registry.npmjs.org/@deepseek-ai/dsh-llm/-/dsh-llm-0.1.5-rc.3.tgz",
      "integrity": "sha512-c6Z7S1SlRAgLKQ/MZKp0mCMrBz06X9XEddLFxhK5Flq0PM18dsJgIbRgNpobILy2AJyYx0vnHbepjmITW6BXWA==",
      "dev": true,
      "license": "MIT",
      "peer": true,
      "dependencies": {
        "@deepseek-ai/dsh-brand": "^0.1.5-rc.3",
        "@deepseek-ai/dsh-timeout": "^0.1.5-rc.3",
        "@deepseek-ai/dsh-typert-protocol": "^0.1.5-rc.3",
        "@deepseek-ai/dsh-util-crypto": "^0.1.5-rc.3",
        "@deepseek-ai/dsh-util-values": "^0.1.5-rc.3",
        "@deepseek-ai/schemastery": "3.18.2",
        "zod": "^4.4.3"
      },
      "peerDependencies": {
        "@deepseek-ai/cordis": "4.0.2"
      }
    },
    "node_modules/@deepseek-ai/dsh-llm-retry": {
      "version": "0.1.5-rc.3",
      "resolved": "https://registry.npmjs.org/@deepseek-ai/dsh-llm-retry/-/dsh-llm-retry-0.1.5-rc.3.tgz",
      "integrity": "sha512-5HzWT70C+812ZyMEzrPOkjEe06RSd6zz1++kQSHOseo3+GULCdyPTFbeh9sHdeTA/YIVGZmio47SRS8dwu5YLg==",
      "dev": true,
      "license": "MIT",
      "peer": true,
      "dependencies": {
        "@deepseek-ai/schemastery": "3.18.2",
        "zod": "^4.4.3"
      },
      "peerDependencies": {
        "@deepseek-ai/cordis": "4.0.2",
        "@deepseek-ai/dsh-agent": "^0.1.5-rc.3",
        "@deepseek-ai/dsh-brand": "^0.1.5-rc.3",
        "@deepseek-ai/dsh-invariants": "^0.1.5-rc.3",
        "@deepseek-ai/dsh-llm": "^0.1.5-rc.3",
        "@deepseek-ai/dsh-session": "^0.1.5-rc.3",
        "@deepseek-ai/dsh-session-projection": "^0.1.5-rc.3",
        "@deepseek-ai/dsh-timeout": "^0.1.5-rc.3"
      }
    },
    "node_modules/@deepseek-ai/dsh-llm-retry/node_modules/@deepseek-ai/schemastery": {
      "version": "3.18.2",
      "resolved": "https://registry.npmjs.org/@deepseek-ai/schemastery/-/schemastery-3.18.2.tgz",
      "integrity": "sha512-njDtZsznjYxok7KLLlHOPyuv2efdWVbSflAHgztSfbMsg+CVraEoRe2DjOCgClYv3ZCSm7WXoaUkbB/+RY7tWQ==",
      "dev": true,
      "license": "MIT",
      "peer": true,
      "dependencies": {
        "@deepseek-ai/cosmokit": "^1.8.3",
        "@standard-schema/spec": "^1.1.0"
      }
    },
    "node_modules/@deepseek-ai/dsh-llm/node_modules/@deepseek-ai/schemastery": {
      "version": "3.18.2",
      "resolved": "https://registry.npmjs.org/@deepseek-ai/schemastery/-/schemastery-3.18.2.tgz",
      "integrity": "sha512-njDtZsznjYxok7KLLlHOPyuv2efdWVbSflAHgztSfbMsg+CVraEoRe2DjOCgClYv3ZCSm7WXoaUkbB/+RY7tWQ==",
      "dev": true,
      "license": "MIT",
      "peer": true,
      "dependencies": {
        "@deepseek-ai/cosmokit": "^1.8.3",
        "@standard-schema/spec": "^1.1.0"
      }
    },
    "node_modules/@deepseek-ai/dsh-scope": {
      "version": "0.1.5-rc.3",
      "resolved": "https://registry.npmjs.org/@deepseek-ai/dsh-scope/-/dsh-scope-0.1.5-rc.3.tgz",
      "integrity": "sha512-2B45GShJQwPs+Ad4MdI2kkbxkogagZopAY2lbYowAz6Oris3jGxZJ4v3/ZyJw7c9bhTJUagHXCpXQYFSIXumLA==",
      "dev": true,
      "license": "MIT",
      "peer": true,
      "peerDependencies": {
        "@deepseek-ai/cordis": "4.0.2",
        "@deepseek-ai/dsh-invariants": "^0.1.5-rc.3"
      }
    },
    "node_modules/@deepseek-ai/dsh-session": {
      "version": "0.1.5-rc.3",
      "resolved": "https://registry.npmjs.org/@deepseek-ai/dsh-session/-/dsh-session-0.1.5-rc.3.tgz",
      "integrity": "sha512-ZvcJxTCLSPVRFLElseKAOR6hByyNuUk+O+mQtPGKQwh/CWa55aN13oEYTS7bskeSFRrWkHTx4KLgDYilMNZhqw==",
      "dev": true,
      "license": "MIT",
      "peer": true,
      "dependencies": {
        "@deepseek-ai/dsh-brand": "^0.1.5-rc.3",
        "@deepseek-ai/dsh-llm": "^0.1.5-rc.3",
        "@deepseek-ai/dsh-util-values": "^0.1.5-rc.3"
      },
      "peerDependencies": {
        "@deepseek-ai/cordis": "4.0.2",
        "@deepseek-ai/dsh-scope": "^0.1.5-rc.3"
      }
    },
    "node_modules/@deepseek-ai/dsh-session-projection": {
      "version": "0.1.5-rc.3",
      "resolved": "https://registry.npmjs.org/@deepseek-ai/dsh-session-projection/-/dsh-session-projection-0.1.5-rc.3.tgz",
      "integrity": "sha512-cZEVVXN38N3cm+577BjZfVymDWUtG+lbi041vl6rJme4AfNaz2PujcVbzFu1PXg+QpbX19r0JA01B/t62xLOQg==",
      "dev": true,
      "license": "MIT",
      "peer": true,
      "dependencies": {
        "zod": "^4.4.3"
      },
      "peerDependencies": {
        "@deepseek-ai/cordis": "4.0.2",
        "@deepseek-ai/dsh-session": "^0.1.5-rc.3"
      }
    },
    "node_modules/@deepseek-ai/dsh-settings": {
      "version": "0.1.5-rc.2",
      "resolved": "https://registry.npmjs.org/@deepseek-ai/dsh-settings/-/dsh-settings-0.1.5-rc.2.tgz",
      "integrity": "sha512-LI2Y6GkEs9ALMW+7S9jHPeEZDXHtG5X6cix1HdJ1rRxTEO5427QlYhMiz45rk7hqZ8ca2O4XFMW8IWXFZQLxmw==",
      "dev": true,
      "license": "MIT",
      "dependencies": {
        "@deepseek-ai/dsh-util-values": "^0.1.5-rc.2"
      },
      "peerDependencies": {
        "@deepseek-ai/cordis": "^4.0.2",
        "@deepseek-ai/dsh-brand": "^0.1.5-rc.2",
        "@deepseek-ai/dsh-invariants": "^0.1.5-rc.2",
        "@deepseek-ai/dsh-session": "^0.1.5-rc.2",
        "@deepseek-ai/schemastery": "^3.18.2"
      }
    },
    "node_modules/@deepseek-ai/dsh-system-prompt": {
      "version": "0.1.5-rc.3",
      "resolved": "https://registry.npmjs.org/@deepseek-ai/dsh-system-prompt/-/dsh-system-prompt-0.1.5-rc.3.tgz",
      "integrity": "sha512-CVWTVym37iHQ8ibty8N+LiPcEF/SPjzXOG/BpyzIMuH1D0wJfRThGgFgGUHRdhJUw/e3WYmyxTfZHlkWnIdojA==",
      "dev": true,
      "license": "MIT",
      "peer": true,
      "dependencies": {
        "@deepseek-ai/schemastery": "3.18.2"
      },
      "peerDependencies": {
        "@deepseek-ai/cordis": "4.0.2",
        "@deepseek-ai/dsh-invariants": "^0.1.5-rc.3",
        "@deepseek-ai/dsh-llm": "^0.1.5-rc.3",
        "@deepseek-ai/dsh-scope": "^0.1.5-rc.3"
      }
    },
    "node_modules/@deepseek-ai/dsh-system-prompt/node_modules/@deepseek-ai/schemastery": {
      "version": "3.18.2",
      "resolved": "https://registry.npmjs.org/@deepseek-ai/schemastery/-/schemastery-3.18.2.tgz",
      "integrity": "sha512-njDtZsznjYxok7KLLlHOPyuv2efdWVbSflAHgztSfbMsg+CVraEoRe2DjOCgClYv3ZCSm7WXoaUkbB/+RY7tWQ==",
      "dev": true,
      "license": "MIT",
      "peer": true,
      "dependencies": {
        "@deepseek-ai/cosmokit": "^1.8.3",
        "@standard-schema/spec": "^1.1.0"
      }
    },
    "node_modules/@deepseek-ai/dsh-timeout": {
      "version": "0.1.5-rc.3",
      "resolved": "https://registry.npmjs.org/@deepseek-ai/dsh-timeout/-/dsh-timeout-0.1.5-rc.3.tgz",
      "integrity": "sha512-Z7HyqvGaO/k4XLp/EykvIuA0i67CvWb/R0c7Lt/3/8dwmDvqKWgWvh/EiNip7UMXMpQBJzI+Xe4OuzXV/A90Nw==",
      "dev": true,
      "license": "MIT",
      "peer": true,
      "peerDependencies": {
        "@deepseek-ai/cordis": "4.0.2"
      }
    },
    "node_modules/@deepseek-ai/dsh-token-meter": {
      "version": "0.1.5-rc.3",
      "resolved": "https://registry.npmjs.org/@deepseek-ai/dsh-token-meter/-/dsh-token-meter-0.1.5-rc.3.tgz",
      "integrity": "sha512-bsX5+O2tckCQtA8GvG1FKtgcFy8mJuXKjQBhA31LJT6HYD2VBxkS01lodMztfu2tX9t+R0+P85XvlCHVWWuvVA==",
      "dev": true,
      "license": "MIT",
      "peer": true,
      "dependencies": {
        "@deepseek-ai/dsh-util-values": "^0.1.5-rc.3",
        "@deepseek-ai/schemastery": "3.18.2",
        "zod": "^4.4.3"
      },
      "peerDependencies": {
        "@deepseek-ai/cordis": "4.0.2",
        "@deepseek-ai/dsh-compaction": "^0.1.5-rc.3",
        "@deepseek-ai/dsh-llm": "^0.1.5-rc.3",
        "@deepseek-ai/dsh-llm-retry": "^0.1.5-rc.3",
        "@deepseek-ai/dsh-session": "^0.1.5-rc.3",
        "@deepseek-ai/dsh-session-projection": "^0.1.5-rc.3"
      }
    },
    "node_modules/@deepseek-ai/dsh-token-meter/node_modules/@deepseek-ai/schemastery": {
      "version": "3.18.2",
      "resolved": "https://registry.npmjs.org/@deepseek-ai/schemastery/-/schemastery-3.18.2.tgz",
      "integrity": "sha512-njDtZsznjYxok7KLLlHOPyuv2efdWVbSflAHgztSfbMsg+CVraEoRe2DjOCgClYv3ZCSm7WXoaUkbB/+RY7tWQ==",
      "dev": true,
      "license": "MIT",
      "peer": true,
      "dependencies": {
        "@deepseek-ai/cosmokit": "^1.8.3",
        "@standard-schema/spec": "^1.1.0"
      }
    },
    "node_modules/@deepseek-ai/dsh-typert-protocol": {
      "version": "0.1.5-rc.3",
      "resolved": "https://registry.npmjs.org/@deepseek-ai/dsh-typert-protocol/-/dsh-typert-protocol-0.1.5-rc.3.tgz",
      "integrity": "sha512-lcQGIQK4Z5dBguLQFzoDiHQBT387egSnFYJOakEjqIMM9jkAfMI/HqlsVSRSzHW7SQL9f6SxJMHCD7pIkJzsWA==",
      "dev": true,
      "license": "MIT",
      "peer": true,
      "peerDependencies": {
        "@deepseek-ai/cordis": "4.0.2"
      }
    },
    "node_modules/@deepseek-ai/dsh-util-crypto": {
      "version": "0.1.5-rc.3",
      "resolved": "https://registry.npmjs.org/@deepseek-ai/dsh-util-crypto/-/dsh-util-crypto-0.1.5-rc.3.tgz",
      "integrity": "sha512-gQAFF2TLLAV5ejHAklCplePVdL2TV4CH1Xt3A0bqaLxZ2zoOxXoVUieUzPrHo+X1NKfsmdcWvOx9zdlDkXY+sQ==",
      "dev": true,
      "license": "MIT",
      "peer": true,
      "peerDependencies": {
        "@deepseek-ai/cordis": "4.0.2"
      }
    },
    "node_modules/@deepseek-ai/dsh-util-values": {
      "version": "0.1.5-rc.3",
      "resolved": "https://registry.npmjs.org/@deepseek-ai/dsh-util-values/-/dsh-util-values-0.1.5-rc.3.tgz",
      "integrity": "sha512-K0qEm9XmgcxCMuJBK7skNE3v35JTOurN24IwrZ4t0xoaSlZSF4wR0L/R7ipj9IQSlB7sGdQLdegTNsZmSlmw4Q==",
      "dev": true,
      "license": "MIT",
      "peerDependencies": {
        "@deepseek-ai/cordis": "4.0.2"
      }
    },
    "node_modules/@deepseek-ai/dsh-web": {
      "version": "0.1.5-rc.2",
      "resolved": "https://registry.npmjs.org/@deepseek-ai/dsh-web/-/dsh-web-0.1.5-rc.2.tgz",
      "integrity": "sha512-3qt/Fh+uCghOy2wZPjwQ6xIMU3t1NW4D5yRvTXOyvadwaDwosqXOzCteYUhnuWzWN66adrFLeRrymhSDS4PMeg==",
      "dev": true,
      "license": "MIT",
      "dependencies": {
        "@deepseek-ai/schemastery": "^3.18.2"
      },
      "peerDependencies": {
        "@deepseek-ai/cordis": "^4.0.2",
        "@deepseek-ai/dsh-llm": "^0.1.5-rc.2"
      }
    },
    "node_modules/@deepseek-ai/schemastery": {
      "version": "3.18.4",
      "resolved": "https://registry.npmjs.org/@deepseek-ai/schemastery/-/schemastery-3.18.4.tgz",
      "integrity": "sha512-SSXO6tYuyrIqKVbmOnIq0s+riUywYzouFMcnBluHF9n4KMo2G8HvEzhCYj6pj2617/glOjbJuVInJ9hfONsjkg==",
      "license": "MIT",
      "dependencies": {
        "@deepseek-ai/cosmokit": "~1.8.5",
        "@standard-schema/spec": "^1.1.0"
      }
    },
    "node_modules/@standard-schema/spec": {
      "version": "1.1.0",
      "resolved": "https://registry.npmjs.org/@standard-schema/spec/-/spec-1.1.0.tgz",
      "integrity": "sha512-l2aFy5jALhniG5HgqrD6jXLi/rUWrKvqN/qJx6yoJsgKhblVd+iqqU4RCXavm/jPityDo5TCvKMnpjKnOriy0w==",
      "license": "MIT"
    },
    "node_modules/@types/node": {
      "version": "22.20.4",
      "resolved": "https://registry.npmjs.org/@types/node/-/node-22.20.4.tgz",
      "integrity": "sha512-zJRE40jpHtKqE/C4fgHrAKQLJuSpzEnP9ff9Y7YtoR3Wd2pwqzlekDeEuUQXjRd+QCYnVnNwuJYmhdk9XV8gvA==",
      "dev": true,
      "license": "MIT",
      "dependencies": {
        "undici-types": "~6.21.0"
      }
    },
    "node_modules/typescript": {
      "version": "5.9.3",
      "resolved": "https://registry.npmjs.org/typescript/-/typescript-5.9.3.tgz",
      "integrity": "sha512-jl1vZzPDinLr9eUt3J/t7V6FgNEw9QjvBPdysz9KfQDD41fQrC2Y4vKQdiaUpFT4bXlb1RHhLpp8wtm6M5TgSw==",
      "dev": true,
      "license": "Apache-2.0",
      "bin": {
        "tsc": "bin/tsc",
        "tsserver": "bin/tsserver"
      },
      "engines": {
        "node": ">=14.17"
      }
    },
    "node_modules/undici-types": {
      "version": "6.21.0",
      "resolved": "https://registry.npmjs.org/undici-types/-/undici-types-6.21.0.tgz",
      "integrity": "sha512-iwDZqg0QAGrg9Rav5H4n0M64c3mkR59cJ6wQp+7C4nI0gsmExaedaYLNO44eT4AtBBwjbTiGPMlt2Md0T9H9JQ==",
      "dev": true,
      "license": "MIT"
    },
    "node_modules/zod": {
      "version": "4.6.5",
      "resolved": "https://registry.npmjs.org/zod/-/zod-4.6.5.tgz",
      "integrity": "sha512-v5l/aFXZQeai4awLbOpSoHecE9UiMrnfx75tEXLjNonXVARxQ5mOeipTjROUchszUNCqnE+hqAMujRsRHsut2Q==",
      "dev": true,
      "license": "MIT",
      "peer": true,
      "funding": {
        "url": "https://github.com/sponsors/colinhacks"
      }
    }
  }
}
