{
  "name": "@local/dsh-toolkit",
  "version": "0.1.0",
  "lockfileVersion": 3,
  "requires": true,
  "packages": {
    "": {
      "name": "@local/dsh-toolkit",
      "version": "0.1.0",
      "license": "MIT",
      "dependencies": {
        "@deepseek-ai/schemastery": "^3.18.1"
      },
      "devDependencies": {
        "@deepseek-ai/cordis": "4.0.2",
        "@deepseek-ai/dsh-compaction-basic": "0.1.5-rc.2",
        "@deepseek-ai/dsh-settings": "0.1.5-rc.2",
        "@deepseek-ai/dsh-web": "0.1.5-rc.2",
        "@types/node": "^22.0.0",
        "typescript": "5.9.3"
      },
      "engines": {
        "node": ">=22"
      },
      "peerDependencies": {
        "@deepseek-ai/cordis": ">=4.0.0-rc <5",
        "@deepseek-ai/dsh-compaction-basic": "0.1.5-rc.2",
        "@deepseek-ai/dsh-settings": "^0.1.5-rc.2",
        "@deepseek-ai/dsh-web": "^0.1.5-rc.2"
      }
    },
    "../dsh-compact-router/node_modules/@standard-schema/spec": {
      "version": "1.1.0",
      "license": "MIT",
      "devDependencies": {
        "tsup": "^8.3.0",
        "typescript": "^5.6.2"
      }
    },
    "../dsh-compact-router/node_modules/zod": {
      "version": "4.6.4",
      "dev": true,
      "license": "MIT",
      "peer": true,
      "funding": {
        "url": "https://github.com/sponsors/colinhacks"
      }
    },
    "node_modules/@deepseek-ai/cordis": {
      "version": "4.0.2",
      "dev": true,
      "license": "MIT",
      "dependencies": {
        "@deepseek-ai/cosmokit": "^1.8.3",
        "@standard-schema/spec": "^1.1.0"
      },
      "bin": {
        "cordis": "bin.js"
      },
      "peerDependencies": {
        "@deepseek-ai/cordis-plugin-include": "^1.0.7",
        "@deepseek-ai/cordis-plugin-loader": "^1.0.3"
      },
      "peerDependenciesMeta": {
        "@deepseek-ai/cordis-plugin-include": {
          "optional": true
        },
        "@deepseek-ai/cordis-plugin-loader": {
          "optional": true
        }
      }
    },
    "node_modules/@deepseek-ai/cosmokit": {
      "version": "1.8.3",
      "license": "MIT"
    },
    "node_modules/@deepseek-ai/dsh-agent": {
      "version": "0.1.5-rc.2",
      "dev": true,
      "license": "MIT",
      "peer": true,
      "peerDependencies": {
        "@deepseek-ai/cordis": "^4.0.2",
        "@deepseek-ai/dsh-invariants": "^0.1.5-rc.2",
        "@deepseek-ai/dsh-llm": "^0.1.5-rc.2",
        "@deepseek-ai/dsh-scope": "^0.1.5-rc.2",
        "@deepseek-ai/dsh-session": "^0.1.5-rc.2",
        "@deepseek-ai/dsh-session-projection": "^0.1.5-rc.2",
        "@deepseek-ai/dsh-system-prompt": "^0.1.5-rc.2",
        "@deepseek-ai/dsh-typert-protocol": "^0.1.5-rc.2",
        "@deepseek-ai/dsh-util-values": "^0.1.5-rc.2"
      }
    },
    "node_modules/@deepseek-ai/dsh-attachment": {
      "version": "0.1.5-rc.2",
      "dev": true,
      "license": "MIT",
      "peer": true,
      "peerDependencies": {
        "@deepseek-ai/cordis": "^4.0.2",
        "@deepseek-ai/dsh-brand": "^0.1.5-rc.2"
      }
    },
    "node_modules/@deepseek-ai/dsh-brand": {
      "version": "0.1.5-rc.2",
      "dev": true,
      "license": "MIT",
      "peer": true,
      "peerDependencies": {
        "@deepseek-ai/cordis": "^4.0.2"
      }
    },
    "node_modules/@deepseek-ai/dsh-commands": {
      "version": "0.1.5-rc.2",
      "dev": true,
      "license": "MIT",
      "peer": true,
      "dependencies": {
        "@deepseek-ai/dsh-util-crypto": "^0.1.5-rc.2",
        "zod": "^4.4.3"
      },
      "peerDependencies": {
        "@deepseek-ai/cordis": "^4.0.2",
        "@deepseek-ai/dsh-agent": "^0.1.5-rc.2",
        "@deepseek-ai/dsh-attachment": "^0.1.5-rc.2",
        "@deepseek-ai/dsh-brand": "^0.1.5-rc.2",
        "@deepseek-ai/dsh-invariants": "^0.1.5-rc.2",
        "@deepseek-ai/dsh-llm": "^0.1.5-rc.2",
        "@deepseek-ai/dsh-scope": "^0.1.5-rc.2",
        "@deepseek-ai/dsh-session": "^0.1.5-rc.2",
        "@deepseek-ai/dsh-typert-protocol": "^0.1.5-rc.2"
      }
    },
    "node_modules/@deepseek-ai/dsh-compaction": {
      "version": "0.1.5-rc.2",
      "dev": true,
      "license": "MIT",
      "peer": true,
      "peerDependencies": {
        "@deepseek-ai/cordis": "^4.0.2",
        "@deepseek-ai/dsh-brand": "^0.1.5-rc.2",
        "@deepseek-ai/dsh-commands": "^0.1.5-rc.2",
        "@deepseek-ai/dsh-invariants": "^0.1.5-rc.2",
        "@deepseek-ai/dsh-llm": "^0.1.5-rc.2",
        "@deepseek-ai/dsh-session": "^0.1.5-rc.2"
      }
    },
    "node_modules/@deepseek-ai/dsh-compaction-basic": {
      "version": "0.1.5-rc.2",
      "dev": true,
      "license": "MIT",
      "dependencies": {
        "@deepseek-ai/dsh-util-values": "^0.1.5-rc.2",
        "@deepseek-ai/schemastery": "^3.18.2"
      },
      "peerDependencies": {
        "@deepseek-ai/cordis": "^4.0.2",
        "@deepseek-ai/dsh-agent": "^0.1.5-rc.2",
        "@deepseek-ai/dsh-commands": "^0.1.5-rc.2",
        "@deepseek-ai/dsh-compaction": "^0.1.5-rc.2",
        "@deepseek-ai/dsh-compaction-tool-result-pruner": "^0.1.5-rc.2",
        "@deepseek-ai/dsh-llm": "^0.1.5-rc.2",
        "@deepseek-ai/dsh-session": "^0.1.5-rc.2",
        "@deepseek-ai/dsh-token-meter": "^0.1.5-rc.2"
      },
      "peerDependenciesMeta": {
        "@deepseek-ai/dsh-compaction-tool-result-pruner": {
          "optional": true
        }
      }
    },
    "node_modules/@deepseek-ai/dsh-invariants": {
      "version": "0.1.5-rc.2",
      "dev": true,
      "license": "MIT",
      "peer": true,
      "dependencies": {
        "@deepseek-ai/schemastery": "^3.18.2"
      },
      "peerDependencies": {
        "@deepseek-ai/cordis": "^4.0.2"
      }
    },
    "node_modules/@deepseek-ai/dsh-llm": {
      "version": "0.1.5-rc.2",
      "dev": true,
      "license": "MIT",
      "peer": true,
      "dependencies": {
        "@deepseek-ai/dsh-brand": "^0.1.5-rc.2",
        "@deepseek-ai/dsh-timeout": "^0.1.5-rc.2",
        "@deepseek-ai/dsh-typert-protocol": "^0.1.5-rc.2",
        "@deepseek-ai/dsh-util-crypto": "^0.1.5-rc.2",
        "@deepseek-ai/dsh-util-values": "^0.1.5-rc.2",
        "@deepseek-ai/schemastery": "^3.18.2",
        "zod": "^4.4.3"
      },
      "peerDependencies": {
        "@deepseek-ai/cordis": "^4.0.2"
      }
    },
    "node_modules/@deepseek-ai/dsh-llm-retry": {
      "version": "0.1.5-rc.2",
      "dev": true,
      "license": "MIT",
      "peer": true,
      "dependencies": {
        "@deepseek-ai/schemastery": "^3.18.2",
        "zod": "^4.4.3"
      },
      "peerDependencies": {
        "@deepseek-ai/cordis": "^4.0.2",
        "@deepseek-ai/dsh-agent": "^0.1.5-rc.2",
        "@deepseek-ai/dsh-brand": "^0.1.5-rc.2",
        "@deepseek-ai/dsh-invariants": "^0.1.5-rc.2",
        "@deepseek-ai/dsh-llm": "^0.1.5-rc.2",
        "@deepseek-ai/dsh-session": "^0.1.5-rc.2",
        "@deepseek-ai/dsh-session-projection": "^0.1.5-rc.2",
        "@deepseek-ai/dsh-timeout": "^0.1.5-rc.2"
      }
    },
    "node_modules/@deepseek-ai/dsh-scope": {
      "version": "0.1.5-rc.2",
      "dev": true,
      "license": "MIT",
      "peer": true,
      "peerDependencies": {
        "@deepseek-ai/cordis": "^4.0.2",
        "@deepseek-ai/dsh-invariants": "^0.1.5-rc.2"
      }
    },
    "node_modules/@deepseek-ai/dsh-session": {
      "version": "0.1.5-rc.2",
      "dev": true,
      "license": "MIT",
      "peer": true,
      "dependencies": {
        "@deepseek-ai/dsh-brand": "^0.1.5-rc.2",
        "@deepseek-ai/dsh-llm": "^0.1.5-rc.2",
        "@deepseek-ai/dsh-util-values": "^0.1.5-rc.2"
      },
      "peerDependencies": {
        "@deepseek-ai/cordis": "^4.0.2",
        "@deepseek-ai/dsh-scope": "^0.1.5-rc.2"
      }
    },
    "node_modules/@deepseek-ai/dsh-session-projection": {
      "version": "0.1.5-rc.2",
      "dev": true,
      "license": "MIT",
      "peer": true,
      "dependencies": {
        "zod": "^4.4.3"
      },
      "peerDependencies": {
        "@deepseek-ai/cordis": "^4.0.2",
        "@deepseek-ai/dsh-session": "^0.1.5-rc.2"
      }
    },
    "node_modules/@deepseek-ai/dsh-settings": {
      "version": "0.1.5-rc.2",
      "dev": true,
      "license": "MIT",
      "dependencies": {
        "@deepseek-ai/dsh-util-values": "^0.1.5-rc.2"
      },
      "peerDependencies": {
        "@deepseek-ai/cordis": "^4.0.2",
        "@deepseek-ai/dsh-brand": "^0.1.5-rc.2",
        "@deepseek-ai/dsh-invariants": "^0.1.5-rc.2",
        "@deepseek-ai/dsh-session": "^0.1.5-rc.2",
        "@deepseek-ai/schemastery": "^3.18.2"
      }
    },
    "node_modules/@deepseek-ai/dsh-system-prompt": {
      "version": "0.1.5-rc.2",
      "dev": true,
      "license": "MIT",
      "peer": true,
      "dependencies": {
        "@deepseek-ai/schemastery": "^3.18.2"
      },
      "peerDependencies": {
        "@deepseek-ai/cordis": "^4.0.2",
        "@deepseek-ai/dsh-invariants": "^0.1.5-rc.2",
        "@deepseek-ai/dsh-llm": "^0.1.5-rc.2",
        "@deepseek-ai/dsh-scope": "^0.1.5-rc.2"
      }
    },
    "node_modules/@deepseek-ai/dsh-timeout": {
      "version": "0.1.5-rc.2",
      "dev": true,
      "license": "MIT",
      "peer": true,
      "peerDependencies": {
        "@deepseek-ai/cordis": "^4.0.2"
      }
    },
    "node_modules/@deepseek-ai/dsh-token-meter": {
      "version": "0.1.5-rc.2",
      "dev": true,
      "license": "MIT",
      "peer": true,
      "dependencies": {
        "@deepseek-ai/dsh-util-values": "^0.1.5-rc.2",
        "@deepseek-ai/schemastery": "^3.18.2",
        "zod": "^4.4.3"
      },
      "peerDependencies": {
        "@deepseek-ai/cordis": "^4.0.2",
        "@deepseek-ai/dsh-compaction": "^0.1.5-rc.2",
        "@deepseek-ai/dsh-llm": "^0.1.5-rc.2",
        "@deepseek-ai/dsh-llm-retry": "^0.1.5-rc.2",
        "@deepseek-ai/dsh-session": "^0.1.5-rc.2",
        "@deepseek-ai/dsh-session-projection": "^0.1.5-rc.2"
      }
    },
    "node_modules/@deepseek-ai/dsh-typert-protocol": {
      "version": "0.1.5-rc.2",
      "dev": true,
      "license": "MIT",
      "peer": true,
      "peerDependencies": {
        "@deepseek-ai/cordis": "^4.0.2"
      }
    },
    "node_modules/@deepseek-ai/dsh-util-crypto": {
      "version": "0.1.5-rc.2",
      "dev": true,
      "license": "MIT",
      "peer": true,
      "peerDependencies": {
        "@deepseek-ai/cordis": "^4.0.2"
      }
    },
    "node_modules/@deepseek-ai/dsh-util-values": {
      "version": "0.1.5-rc.2",
      "dev": true,
      "license": "MIT",
      "peerDependencies": {
        "@deepseek-ai/cordis": "^4.0.2"
      }
    },
    "node_modules/@deepseek-ai/dsh-web": {
      "version": "0.1.5-rc.2",
      "dev": true,
      "license": "MIT",
      "dependencies": {
        "@deepseek-ai/schemastery": "^3.18.2"
      },
      "peerDependencies": {
        "@deepseek-ai/cordis": "^4.0.2",
        "@deepseek-ai/dsh-llm": "^0.1.5-rc.2"
      }
    },
    "node_modules/@deepseek-ai/schemastery": {
      "version": "3.18.2",
      "license": "MIT",
      "dependencies": {
        "@deepseek-ai/cosmokit": "^1.8.3",
        "@standard-schema/spec": "^1.1.0"
      }
    },
    "node_modules/@standard-schema/spec": {
      "resolved": "../dsh-compact-router/node_modules/@standard-schema/spec",
      "link": true
    },
    "node_modules/@types/node": {
      "version": "22.20.4",
      "resolved": "https://registry.npmjs.org/@types/node/-/node-22.20.4.tgz",
      "integrity": "sha512-zJRE40jpHtKqE/C4fgHrAKQLJuSpzEnP9ff9Y7YtoR3Wd2pwqzlekDeEuUQXjRd+QCYnVnNwuJYmhdk9XV8gvA==",
      "dev": true,
      "license": "MIT",
      "dependencies": {
        "undici-types": "~6.21.0"
      }
    },
    "node_modules/typescript": {
      "version": "5.9.3",
      "resolved": "https://registry.npmjs.org/typescript/-/typescript-5.9.3.tgz",
      "integrity": "sha512-jl1vZzPDinLr9eUt3J/t7V6FgNEw9QjvBPdysz9KfQDD41fQrC2Y4vKQdiaUpFT4bXlb1RHhLpp8wtm6M5TgSw==",
      "dev": true,
      "license": "Apache-2.0",
      "bin": {
        "tsc": "bin/tsc",
        "tsserver": "bin/tsserver"
      },
      "engines": {
        "node": ">=14.17"
      }
    },
    "node_modules/undici-types": {
      "version": "6.21.0",
      "resolved": "https://registry.npmjs.org/undici-types/-/undici-types-6.21.0.tgz",
      "integrity": "sha512-iwDZqg0QAGrg9Rav5H4n0M64c3mkR59cJ6wQp+7C4nI0gsmExaedaYLNO44eT4AtBBwjbTiGPMlt2Md0T9H9JQ==",
      "dev": true,
      "license": "MIT"
    },
    "node_modules/zod": {
      "resolved": "../dsh-compact-router/node_modules/zod",
      "link": true
    }
  }
}
